// !$*UTF8*$!
{
	archiveVersion = 1;
	classes = {
	};
	objectVersion = 48;
	objects = {

/* Begin PBXBuildFile section */
		3852E45B676F83AF682A3EE7 /* Pods_YouthGroupTests.framework in Frameworks */ = {isa = PBXBuildFile; fileRef = 8E7A6EDB3AAC24A44F7F75FD /* Pods_YouthGroupTests.framework */; };
		75B7407D4D9D66B06821DA54 /* Pods_YouthGroup.framework in Frameworks */ = {isa = PBXBuildFile; fileRef = 83D011E8F1EB0A17F0A1854F /* Pods_YouthGroup.framework */; };
		DB13136E2036271300051ED7 /* ButtonCell.swift in Sources */ = {isa = PBXBuildFile; fileRef = DB13136D2036271300051ED7 /* ButtonCell.swift */; };
		DB13137020362B1D00051ED7 /* CreateGroupViewController.swift in Sources */ = {isa = PBXBuildFile; fileRef = DB13136F20362B1D00051ED7 /* CreateGroupViewController.swift */; };
		DB1313722036348000051ED7 /* Errors.swift in Sources */ = {isa = PBXBuildFile; fileRef = DB1313712036348000051ED7 /* Errors.swift */; };
		DB1313742036561000051ED7 /* JoinGroupViewController.swift in Sources */ = {isa = PBXBuildFile; fileRef = DB1313732036561000051ED7 /* JoinGroupViewController.swift */; };
		DB37B79A202BE855000DABE2 /* AppDelegate.swift in Sources */ = {isa = PBXBuildFile; fileRef = DB37B799202BE855000DABE2 /* AppDelegate.swift */; };
		DB37B79C202BE855000DABE2 /* LoginViewController.swift in Sources */ = {isa = PBXBuildFile; fileRef = DB37B79B202BE855000DABE2 /* LoginViewController.swift */; };
		DB37B79F202BE855000DABE2 /* Main.storyboard in Resources */ = {isa = PBXBuildFile; fileRef = DB37B79D202BE855000DABE2 /* Main.storyboard */; };
		DB37B7A2202BE855000DABE2 /* YouthGroup.xcdatamodeld in Sources */ = {isa = PBXBuildFile; fileRef = DB37B7A0202BE855000DABE2 /* YouthGroup.xcdatamodeld */; };
		DB37B7A4202BE855000DABE2 /* Assets.xcassets in Resources */ = {isa = PBXBuildFile; fileRef = DB37B7A3202BE855000DABE2 /* Assets.xcassets */; };
		DB37B7A7202BE855000DABE2 /* LaunchScreen.storyboard in Resources */ = {isa = PBXBuildFile; fileRef = DB37B7A5202BE855000DABE2 /* LaunchScreen.storyboard */; };
		DB37B7B2202BE855000DABE2 /* YouthGroupTests.swift in Sources */ = {isa = PBXBuildFile; fileRef = DB37B7B1202BE855000DABE2 /* YouthGroupTests.swift */; };
		DB37B7BD202BE855000DABE2 /* YouthGroupUITests.swift in Sources */ = {isa = PBXBuildFile; fileRef = DB37B7BC202BE855000DABE2 /* YouthGroupUITests.swift */; };
		DB37B7CB202BE88B000DABE2 /* GoogleService-Info.plist in Resources */ = {isa = PBXBuildFile; fileRef = DB37B7CA202BE88B000DABE2 /* GoogleService-Info.plist */; };
		DB37B7CD202BED2E000DABE2 /* FirebaseClient.swift in Sources */ = {isa = PBXBuildFile; fileRef = DB37B7CC202BED2E000DABE2 /* FirebaseClient.swift */; };
		DB37B7D1202BF1C3000DABE2 /* Bolts.framework in Frameworks */ = {isa = PBXBuildFile; fileRef = DB37B7CE202BF1C3000DABE2 /* Bolts.framework */; };
		DB37B7D2202BF1C3000DABE2 /* FBSDKCoreKit.framework in Frameworks */ = {isa = PBXBuildFile; fileRef = DB37B7CF202BF1C3000DABE2 /* FBSDKCoreKit.framework */; };
		DB37B7D3202BF1C3000DABE2 /* FBSDKLoginKit.framework in Frameworks */ = {isa = PBXBuildFile; fileRef = DB37B7D0202BF1C3000DABE2 /* FBSDKLoginKit.framework */; };
		DB37B7D5202C8CE0000DABE2 /* MainTabBarController.swift in Sources */ = {isa = PBXBuildFile; fileRef = DB37B7D4202C8CE0000DABE2 /* MainTabBarController.swift */; };
		DB37B7D7202C8F07000DABE2 /* LessonsViewController.swift in Sources */ = {isa = PBXBuildFile; fileRef = DB37B7D6202C8F07000DABE2 /* LessonsViewController.swift */; };
		DB37B7D9202C8F25000DABE2 /* EventsViewController.swift in Sources */ = {isa = PBXBuildFile; fileRef = DB37B7D8202C8F25000DABE2 /* EventsViewController.swift */; };
		DB37B7DB202C8F3B000DABE2 /* PrayerRequestsViewController.swift in Sources */ = {isa = PBXBuildFile; fileRef = DB37B7DA202C8F3B000DABE2 /* PrayerRequestsViewController.swift */; };
		DB37B7DD202C8F59000DABE2 /* AccountDetailViewController.swift in Sources */ = {isa = PBXBuildFile; fileRef = DB37B7DC202C8F59000DABE2 /* AccountDetailViewController.swift */; };
		DB4816A92038CD4400C7FF38 /* PrayerRequestViewController.swift in Sources */ = {isa = PBXBuildFile; fileRef = DB4816A82038CD4400C7FF38 /* PrayerRequestViewController.swift */; };
		DB4816AB2038D44100C7FF38 /* CircleImageView.swift in Sources */ = {isa = PBXBuildFile; fileRef = DB4816AA2038D44100C7FF38 /* CircleImageView.swift */; };
		DB4816AD2038D66F00C7FF38 /* BorderedTextView.swift in Sources */ = {isa = PBXBuildFile; fileRef = DB4816AC2038D66F00C7FF38 /* BorderedTextView.swift */; };
		DB4816AF2039CA2400C7FF38 /* NetworkClient.swift in Sources */ = {isa = PBXBuildFile; fileRef = DB4816AE2039CA2400C7FF38 /* NetworkClient.swift */; };
		DB4816B12039CC5600C7FF38 /* BiblePassage.swift in Sources */ = {isa = PBXBuildFile; fileRef = DB4816B02039CC5600C7FF38 /* BiblePassage.swift */; };
		DB4816B3203A3C5200C7FF38 /* Reachability.swift in Sources */ = {isa = PBXBuildFile; fileRef = DB4816B2203A3C5200C7FF38 /* Reachability.swift */; };
		DB4816B5203BACF700C7FF38 /* EventCell.swift in Sources */ = {isa = PBXBuildFile; fileRef = DB4816B4203BACF700C7FF38 /* EventCell.swift */; };
		DB4816B7203BAE7D00C7FF38 /* Event.swift in Sources */ = {isa = PBXBuildFile; fileRef = DB4816B6203BAE7D00C7FF38 /* Event.swift */; };
		DB4816B9203BBC7B00C7FF38 /* EventViewController.swift in Sources */ = {isa = PBXBuildFile; fileRef = DB4816B8203BBC7B00C7FF38 /* EventViewController.swift */; };
		DB4816BB203BD06D00C7FF38 /* CreateEventViewController.swift in Sources */ = {isa = PBXBuildFile; fileRef = DB4816BA203BD06D00C7FF38 /* CreateEventViewController.swift */; };
		DB6AF455203390B200738FF0 /* BouncingView.swift in Sources */ = {isa = PBXBuildFile; fileRef = DB6AF454203390B200738FF0 /* BouncingView.swift */; };
		DB6AF45820339F8500738FF0 /* AddPhotoViewController.swift in Sources */ = {isa = PBXBuildFile; fileRef = DB6AF45720339F8500738FF0 /* AddPhotoViewController.swift */; };
		DB6AF45A2033ADEC00738FF0 /* Buttons.swift in Sources */ = {isa = PBXBuildFile; fileRef = DB6AF4592033ADEC00738FF0 /* Buttons.swift */; };
		DB6AF45C2033AF5B00738FF0 /* Colors.swift in Sources */ = {isa = PBXBuildFile; fileRef = DB6AF45B2033AF5B00738FF0 /* Colors.swift */; };
		DB6AF45E2033F89B00738FF0 /* ProfileCell.swift in Sources */ = {isa = PBXBuildFile; fileRef = DB6AF45D2033F89B00738FF0 /* ProfileCell.swift */; };
		DB9C750E202C9C6300BA4B7D /* CreateAccountViewController.swift in Sources */ = {isa = PBXBuildFile; fileRef = DB9C750D202C9C6300BA4B7D /* CreateAccountViewController.swift */; };
		DBCCEC7C203772FE0050AC46 /* Constants.swift in Sources */ = {isa = PBXBuildFile; fileRef = DBCCEC7B203772FE0050AC46 /* Constants.swift */; };
		DBCCEC7E203788FD0050AC46 /* Helper.swift in Sources */ = {isa = PBXBuildFile; fileRef = DBCCEC7D203788FD0050AC46 /* Helper.swift */; };
		DBCCEC8020378DF80050AC46 /* EditMemberCell.swift in Sources */ = {isa = PBXBuildFile; fileRef = DBCCEC7F20378DF80050AC46 /* EditMemberCell.swift */; };
		DBCCEC842037A0EE0050AC46 /* JoinGroupCell.swift in Sources */ = {isa = PBXBuildFile; fileRef = DBCCEC832037A0EE0050AC46 /* JoinGroupCell.swift */; };
		DBCCEC862037A9670050AC46 /* PrayerRequestCell.swift in Sources */ = {isa = PBXBuildFile; fileRef = DBCCEC852037A9670050AC46 /* PrayerRequestCell.swift */; };
		DBCCEC882037A9880050AC46 /* PrayerRequest.swift in Sources */ = {isa = PBXBuildFile; fileRef = DBCCEC872037A9880050AC46 /* PrayerRequest.swift */; };
		DBCCEC8A2037CE4F0050AC46 /* MembersViewController.swift in Sources */ = {isa = PBXBuildFile; fileRef = DBCCEC892037CE4F0050AC46 /* MembersViewController.swift */; };
		DBCCEC8C2037D0FD0050AC46 /* MemberCell.swift in Sources */ = {isa = PBXBuildFile; fileRef = DBCCEC8B2037D0FD0050AC46 /* MemberCell.swift */; };
		DBCCEC8E2037DA0C0050AC46 /* AddPrayerRequestViewController.swift in Sources */ = {isa = PBXBuildFile; fileRef = DBCCEC8D2037DA0C0050AC46 /* AddPrayerRequestViewController.swift */; };
		DBD03FD4202CA01200030C43 /* Localizable.strings in Resources */ = {isa = PBXBuildFile; fileRef = DBD03FD3202CA01200030C43 /* Localizable.strings */; };
		DBD03FD6202CA1BC00030C43 /* Alert.swift in Sources */ = {isa = PBXBuildFile; fileRef = DBD03FD5202CA1BC00030C43 /* Alert.swift */; };
		DBD03FD8202CACB600030C43 /* Aiv.swift in Sources */ = {isa = PBXBuildFile; fileRef = DBD03FD7202CACB600030C43 /* Aiv.swift */; };
		DBD03FDC202CC82300030C43 /* FacebookClient.swift in Sources */ = {isa = PBXBuildFile; fileRef = DBD03FDB202CC82300030C43 /* FacebookClient.swift */; };
		DBD03FDE202CE34A00030C43 /* KeyboardNotifications.swift in Sources */ = {isa = PBXBuildFile; fileRef = DBD03FDD202CE34A00030C43 /* KeyboardNotifications.swift */; };
		DBD03FE0202D40A000030C43 /* Linking.swift in Sources */ = {isa = PBXBuildFile; fileRef = DBD03FDF202D40A000030C43 /* Linking.swift */; };
		DBF417B62036065100F2A4F8 /* Group.swift in Sources */ = {isa = PBXBuildFile; fileRef = DBF417B52036065100F2A4F8 /* Group.swift */; };
		F667CD0A9836E71BEB2890F8 /* Pods_YouthGroupUITests.framework in Frameworks */ = {isa = PBXBuildFile; fileRef = B80922DC63D05DC9F95B81E3 /* Pods_YouthGroupUITests.framework */; };
/* End PBXBuildFile section */

/* Begin PBXContainerItemProxy section */
		DB37B7AE202BE855000DABE2 /* PBXContainerItemProxy */ = {
			isa = PBXContainerItemProxy;
			containerPortal = DB37B78E202BE854000DABE2 /* Project object */;
			proxyType = 1;
			remoteGlobalIDString = DB37B795202BE854000DABE2;
			remoteInfo = YouthGroup;
		};
		DB37B7B9202BE855000DABE2 /* PBXContainerItemProxy */ = {
			isa = PBXContainerItemProxy;
			containerPortal = DB37B78E202BE854000DABE2 /* Project object */;
			proxyType = 1;
			remoteGlobalIDString = DB37B795202BE854000DABE2;
			remoteInfo = YouthGroup;
		};
/* End PBXContainerItemProxy section */

/* Begin PBXFileReference section */
		0D63D5F7542381EE9F033BA2 /* Pods-YouthGroup.debug.xcconfig */ = {isa = PBXFileReference; includeInIndex = 1; lastKnownFileType = text.xcconfig; name = "Pods-YouthGroup.debug.xcconfig"; path = "Pods/Target Support Files/Pods-YouthGroup/Pods-YouthGroup.debug.xcconfig"; sourceTree = "<group>"; };
		239F05F7EE1A8D2EC07C500F /* Pods-YouthGroupUITests.debug.xcconfig */ = {isa = PBXFileReference; includeInIndex = 1; lastKnownFileType = text.xcconfig; name = "Pods-YouthGroupUITests.debug.xcconfig"; path = "Pods/Target Support Files/Pods-YouthGroupUITests/Pods-YouthGroupUITests.debug.xcconfig"; sourceTree = "<group>"; };
		26F45ACD833C73A2BE1472D7 /* Pods-YouthGroup.release.xcconfig */ = {isa = PBXFileReference; includeInIndex = 1; lastKnownFileType = text.xcconfig; name = "Pods-YouthGroup.release.xcconfig"; path = "Pods/Target Support Files/Pods-YouthGroup/Pods-YouthGroup.release.xcconfig"; sourceTree = "<group>"; };
		5CB527D4208BB9E04A6FF5A1 /* Pods-YouthGroupTests.debug.xcconfig */ = {isa = PBXFileReference; includeInIndex = 1; lastKnownFileType = text.xcconfig; name = "Pods-YouthGroupTests.debug.xcconfig"; path = "Pods/Target Support Files/Pods-YouthGroupTests/Pods-YouthGroupTests.debug.xcconfig"; sourceTree = "<group>"; };
		682F99E77D235D6B82FB4CEB /* Pods-YouthGroupTests.release.xcconfig */ = {isa = PBXFileReference; includeInIndex = 1; lastKnownFileType = text.xcconfig; name = "Pods-YouthGroupTests.release.xcconfig"; path = "Pods/Target Support Files/Pods-YouthGroupTests/Pods-YouthGroupTests.release.xcconfig"; sourceTree = "<group>"; };
		711BA774A5BFC82C1A1F281D /* Pods-YouthGroupUITests.release.xcconfig */ = {isa = PBXFileReference; includeInIndex = 1; lastKnownFileType = text.xcconfig; name = "Pods-YouthGroupUITests.release.xcconfig"; path = "Pods/Target Support Files/Pods-YouthGroupUITests/Pods-YouthGroupUITests.release.xcconfig"; sourceTree = "<group>"; };
		83D011E8F1EB0A17F0A1854F /* Pods_YouthGroup.framework */ = {isa = PBXFileReference; explicitFileType = wrapper.framework; includeInIndex = 0; path = Pods_YouthGroup.framework; sourceTree = BUILT_PRODUCTS_DIR; };
		8E7A6EDB3AAC24A44F7F75FD /* Pods_YouthGroupTests.framework */ = {isa = PBXFileReference; explicitFileType = wrapper.framework; includeInIndex = 0; path = Pods_YouthGroupTests.framework; sourceTree = BUILT_PRODUCTS_DIR; };
		B80922DC63D05DC9F95B81E3 /* Pods_YouthGroupUITests.framework */ = {isa = PBXFileReference; explicitFileType = wrapper.framework; includeInIndex = 0; path = Pods_YouthGroupUITests.framework; sourceTree = BUILT_PRODUCTS_DIR; };
		DB13136D2036271300051ED7 /* ButtonCell.swift */ = {isa = PBXFileReference; lastKnownFileType = sourcecode.swift; path = ButtonCell.swift; sourceTree = "<group>"; };
		DB13136F20362B1D00051ED7 /* CreateGroupViewController.swift */ = {isa = PBXFileReference; lastKnownFileType = sourcecode.swift; path = CreateGroupViewController.swift; sourceTree = "<group>"; };
		DB1313712036348000051ED7 /* Errors.swift */ = {isa = PBXFileReference; lastKnownFileType = sourcecode.swift; path = Errors.swift; sourceTree = "<group>"; };
		DB1313732036561000051ED7 /* JoinGroupViewController.swift */ = {isa = PBXFileReference; lastKnownFileType = sourcecode.swift; path = JoinGroupViewController.swift; sourceTree = "<group>"; };
		DB37B796202BE855000DABE2 /* YouthGroup.app */ = {isa = PBXFileReference; explicitFileType = wrapper.application; includeInIndex = 0; path = YouthGroup.app; sourceTree = BUILT_PRODUCTS_DIR; };
		DB37B799202BE855000DABE2 /* AppDelegate.swift */ = {isa = PBXFileReference; lastKnownFileType = sourcecode.swift; path = AppDelegate.swift; sourceTree = "<group>"; };
		DB37B79B202BE855000DABE2 /* LoginViewController.swift */ = {isa = PBXFileReference; lastKnownFileType = sourcecode.swift; path = LoginViewController.swift; sourceTree = "<group>"; };
		DB37B79E202BE855000DABE2 /* Base */ = {isa = PBXFileReference; lastKnownFileType = file.storyboard; name = Base; path = Base.lproj/Main.storyboard; sourceTree = "<group>"; };
		DB37B7A1202BE855000DABE2 /* YouthGroup.xcdatamodel */ = {isa = PBXFileReference; lastKnownFileType = wrapper.xcdatamodel; path = YouthGroup.xcdatamodel; sourceTree = "<group>"; };
		DB37B7A3202BE855000DABE2 /* Assets.xcassets */ = {isa = PBXFileReference; lastKnownFileType = folder.assetcatalog; path = Assets.xcassets; sourceTree = "<group>"; };
		DB37B7A6202BE855000DABE2 /* Base */ = {isa = PBXFileReference; lastKnownFileType = file.storyboard; name = Base; path = Base.lproj/LaunchScreen.storyboard; sourceTree = "<group>"; };
		DB37B7A8202BE855000DABE2 /* Info.plist */ = {isa = PBXFileReference; lastKnownFileType = text.plist.xml; path = Info.plist; sourceTree = "<group>"; };
		DB37B7AD202BE855000DABE2 /* YouthGroupTests.xctest */ = {isa = PBXFileReference; explicitFileType = wrapper.cfbundle; includeInIndex = 0; path = YouthGroupTests.xctest; sourceTree = BUILT_PRODUCTS_DIR; };
		DB37B7B1202BE855000DABE2 /* YouthGroupTests.swift */ = {isa = PBXFileReference; lastKnownFileType = sourcecode.swift; path = YouthGroupTests.swift; sourceTree = "<group>"; };
		DB37B7B3202BE855000DABE2 /* Info.plist */ = {isa = PBXFileReference; lastKnownFileType = text.plist.xml; path = Info.plist; sourceTree = "<group>"; };
		DB37B7B8202BE855000DABE2 /* YouthGroupUITests.xctest */ = {isa = PBXFileReference; explicitFileType = wrapper.cfbundle; includeInIndex = 0; path = YouthGroupUITests.xctest; sourceTree = BUILT_PRODUCTS_DIR; };
		DB37B7BC202BE855000DABE2 /* YouthGroupUITests.swift */ = {isa = PBXFileReference; lastKnownFileType = sourcecode.swift; path = YouthGroupUITests.swift; sourceTree = "<group>"; };
		DB37B7BE202BE855000DABE2 /* Info.plist */ = {isa = PBXFileReference; lastKnownFileType = text.plist.xml; path = Info.plist; sourceTree = "<group>"; };
		DB37B7CA202BE88B000DABE2 /* GoogleService-Info.plist */ = {isa = PBXFileReference; fileEncoding = 4; lastKnownFileType = text.plist.xml; path = "GoogleService-Info.plist"; sourceTree = "<group>"; };
		DB37B7CC202BED2E000DABE2 /* FirebaseClient.swift */ = {isa = PBXFileReference; lastKnownFileType = sourcecode.swift; path = FirebaseClient.swift; sourceTree = "<group>"; };
		DB37B7CE202BF1C3000DABE2 /* Bolts.framework */ = {isa = PBXFileReference; lastKnownFileType = wrapper.framework; path = Bolts.framework; sourceTree = "<group>"; };
		DB37B7CF202BF1C3000DABE2 /* FBSDKCoreKit.framework */ = {isa = PBXFileReference; lastKnownFileType = wrapper.framework; path = FBSDKCoreKit.framework; sourceTree = "<group>"; };
		DB37B7D0202BF1C3000DABE2 /* FBSDKLoginKit.framework */ = {isa = PBXFileReference; lastKnownFileType = wrapper.framework; path = FBSDKLoginKit.framework; sourceTree = "<group>"; };
		DB37B7D4202C8CE0000DABE2 /* MainTabBarController.swift */ = {isa = PBXFileReference; lastKnownFileType = sourcecode.swift; path = MainTabBarController.swift; sourceTree = "<group>"; };
		DB37B7D6202C8F07000DABE2 /* LessonsViewController.swift */ = {isa = PBXFileReference; lastKnownFileType = sourcecode.swift; path = LessonsViewController.swift; sourceTree = "<group>"; };
		DB37B7D8202C8F25000DABE2 /* EventsViewController.swift */ = {isa = PBXFileReference; lastKnownFileType = sourcecode.swift; path = EventsViewController.swift; sourceTree = "<group>"; };
		DB37B7DA202C8F3B000DABE2 /* PrayerRequestsViewController.swift */ = {isa = PBXFileReference; lastKnownFileType = sourcecode.swift; path = PrayerRequestsViewController.swift; sourceTree = "<group>"; };
		DB37B7DC202C8F59000DABE2 /* AccountDetailViewController.swift */ = {isa = PBXFileReference; lastKnownFileType = sourcecode.swift; path = AccountDetailViewController.swift; sourceTree = "<group>"; };
		DB4816A82038CD4400C7FF38 /* PrayerRequestViewController.swift */ = {isa = PBXFileReference; lastKnownFileType = sourcecode.swift; path = PrayerRequestViewController.swift; sourceTree = "<group>"; };
		DB4816AA2038D44100C7FF38 /* CircleImageView.swift */ = {isa = PBXFileReference; lastKnownFileType = sourcecode.swift; path = CircleImageView.swift; sourceTree = "<group>"; };
		DB4816AC2038D66F00C7FF38 /* BorderedTextView.swift */ = {isa = PBXFileReference; lastKnownFileType = sourcecode.swift; path = BorderedTextView.swift; sourceTree = "<group>"; };
		DB4816AE2039CA2400C7FF38 /* NetworkClient.swift */ = {isa = PBXFileReference; lastKnownFileType = sourcecode.swift; path = NetworkClient.swift; sourceTree = "<group>"; };
		DB4816B02039CC5600C7FF38 /* BiblePassage.swift */ = {isa = PBXFileReference; lastKnownFileType = sourcecode.swift; path = BiblePassage.swift; sourceTree = "<group>"; };
		DB4816B2203A3C5200C7FF38 /* Reachability.swift */ = {isa = PBXFileReference; fileEncoding = 4; lastKnownFileType = sourcecode.swift; path = Reachability.swift; sourceTree = "<group>"; };
		DB4816B4203BACF700C7FF38 /* EventCell.swift */ = {isa = PBXFileReference; lastKnownFileType = sourcecode.swift; path = EventCell.swift; sourceTree = "<group>"; };
		DB4816B6203BAE7D00C7FF38 /* Event.swift */ = {isa = PBXFileReference; lastKnownFileType = sourcecode.swift; path = Event.swift; sourceTree = "<group>"; };
		DB4816B8203BBC7B00C7FF38 /* EventViewController.swift */ = {isa = PBXFileReference; lastKnownFileType = sourcecode.swift; path = EventViewController.swift; sourceTree = "<group>"; };
		DB4816BA203BD06D00C7FF38 /* CreateEventViewController.swift */ = {isa = PBXFileReference; lastKnownFileType = sourcecode.swift; path = CreateEventViewController.swift; sourceTree = "<group>"; };
		DB6AF454203390B200738FF0 /* BouncingView.swift */ = {isa = PBXFileReference; lastKnownFileType = sourcecode.swift; path = BouncingView.swift; sourceTree = "<group>"; };
		DB6AF45720339F8500738FF0 /* AddPhotoViewController.swift */ = {isa = PBXFileReference; lastKnownFileType = sourcecode.swift; path = AddPhotoViewController.swift; sourceTree = "<group>"; };
		DB6AF4592033ADEC00738FF0 /* Buttons.swift */ = {isa = PBXFileReference; lastKnownFileType = sourcecode.swift; path = Buttons.swift; sourceTree = "<group>"; };
		DB6AF45B2033AF5B00738FF0 /* Colors.swift */ = {isa = PBXFileReference; lastKnownFileType = sourcecode.swift; path = Colors.swift; sourceTree = "<group>"; };
		DB6AF45D2033F89B00738FF0 /* ProfileCell.swift */ = {isa = PBXFileReference; lastKnownFileType = sourcecode.swift; path = ProfileCell.swift; sourceTree = "<group>"; };
		DB9C750D202C9C6300BA4B7D /* CreateAccountViewController.swift */ = {isa = PBXFileReference; lastKnownFileType = sourcecode.swift; path = CreateAccountViewController.swift; sourceTree = "<group>"; };
		DBCCEC7B203772FE0050AC46 /* Constants.swift */ = {isa = PBXFileReference; lastKnownFileType = sourcecode.swift; path = Constants.swift; sourceTree = "<group>"; };
		DBCCEC7D203788FD0050AC46 /* Helper.swift */ = {isa = PBXFileReference; lastKnownFileType = sourcecode.swift; path = Helper.swift; sourceTree = "<group>"; };
		DBCCEC7F20378DF80050AC46 /* EditMemberCell.swift */ = {isa = PBXFileReference; lastKnownFileType = sourcecode.swift; path = EditMemberCell.swift; sourceTree = "<group>"; };
		DBCCEC832037A0EE0050AC46 /* JoinGroupCell.swift */ = {isa = PBXFileReference; lastKnownFileType = sourcecode.swift; path = JoinGroupCell.swift; sourceTree = "<group>"; };
		DBCCEC852037A9670050AC46 /* PrayerRequestCell.swift */ = {isa = PBXFileReference; lastKnownFileType = sourcecode.swift; path = PrayerRequestCell.swift; sourceTree = "<group>"; };
		DBCCEC872037A9880050AC46 /* PrayerRequest.swift */ = {isa = PBXFileReference; lastKnownFileType = sourcecode.swift; path = PrayerRequest.swift; sourceTree = "<group>"; };
		DBCCEC892037CE4F0050AC46 /* MembersViewController.swift */ = {isa = PBXFileReference; lastKnownFileType = sourcecode.swift; path = MembersViewController.swift; sourceTree = "<group>"; };
		DBCCEC8B2037D0FD0050AC46 /* MemberCell.swift */ = {isa = PBXFileReference; lastKnownFileType = sourcecode.swift; path = MemberCell.swift; sourceTree = "<group>"; };
		DBCCEC8D2037DA0C0050AC46 /* AddPrayerRequestViewController.swift */ = {isa = PBXFileReference; lastKnownFileType = sourcecode.swift; path = AddPrayerRequestViewController.swift; sourceTree = "<group>"; };
		DBD03FD3202CA01200030C43 /* Localizable.strings */ = {isa = PBXFileReference; lastKnownFileType = text.plist.strings; path = Localizable.strings; sourceTree = "<group>"; };
		DBD03FD5202CA1BC00030C43 /* Alert.swift */ = {isa = PBXFileReference; lastKnownFileType = sourcecode.swift; path = Alert.swift; sourceTree = "<group>"; };
		DBD03FD7202CACB600030C43 /* Aiv.swift */ = {isa = PBXFileReference; lastKnownFileType = sourcecode.swift; path = Aiv.swift; sourceTree = "<group>"; };
		DBD03FDB202CC82300030C43 /* FacebookClient.swift */ = {isa = PBXFileReference; lastKnownFileType = sourcecode.swift; path = FacebookClient.swift; sourceTree = "<group>"; };
		DBD03FDD202CE34A00030C43 /* KeyboardNotifications.swift */ = {isa = PBXFileReference; lastKnownFileType = sourcecode.swift; path = KeyboardNotifications.swift; sourceTree = "<group>"; };
		DBD03FDF202D40A000030C43 /* Linking.swift */ = {isa = PBXFileReference; lastKnownFileType = sourcecode.swift; path = Linking.swift; sourceTree = "<group>"; };
		DBF417B52036065100F2A4F8 /* Group.swift */ = {isa = PBXFileReference; lastKnownFileType = sourcecode.swift; path = Group.swift; sourceTree = "<group>"; };
/* End PBXFileReference section */

/* Begin PBXFrameworksBuildPhase section */
		DB37B793202BE854000DABE2 /* Frameworks */ = {
			isa = PBXFrameworksBuildPhase;
			buildActionMask = 2147483647;
			files = (
				75B7407D4D9D66B06821DA54 /* Pods_YouthGroup.framework in Frameworks */,
				DB37B7D2202BF1C3000DABE2 /* FBSDKCoreKit.framework in Frameworks */,
				DB37B7D3202BF1C3000DABE2 /* FBSDKLoginKit.framework in Frameworks */,
				DB37B7D1202BF1C3000DABE2 /* Bolts.framework in Frameworks */,
			);
			runOnlyForDeploymentPostprocessing = 0;
		};
		DB37B7AA202BE855000DABE2 /* Frameworks */ = {
			isa = PBXFrameworksBuildPhase;
			buildActionMask = 2147483647;
			files = (
				3852E45B676F83AF682A3EE7 /* Pods_YouthGroupTests.framework in Frameworks */,
			);
			runOnlyForDeploymentPostprocessing = 0;
		};
		DB37B7B5202BE855000DABE2 /* Frameworks */ = {
			isa = PBXFrameworksBuildPhase;
			buildActionMask = 2147483647;
			files = (
				F667CD0A9836E71BEB2890F8 /* Pods_YouthGroupUITests.framework in Frameworks */,
			);
			runOnlyForDeploymentPostprocessing = 0;
		};
/* End PBXFrameworksBuildPhase section */

/* Begin PBXGroup section */
		50C2F7E2F8155A66BE0013F3 /* Frameworks */ = {
			isa = PBXGroup;
			children = (
				DB37B7CE202BF1C3000DABE2 /* Bolts.framework */,
				DB37B7CF202BF1C3000DABE2 /* FBSDKCoreKit.framework */,
				DB37B7D0202BF1C3000DABE2 /* FBSDKLoginKit.framework */,
				83D011E8F1EB0A17F0A1854F /* Pods_YouthGroup.framework */,
				8E7A6EDB3AAC24A44F7F75FD /* Pods_YouthGroupTests.framework */,
				B80922DC63D05DC9F95B81E3 /* Pods_YouthGroupUITests.framework */,
			);
			name = Frameworks;
			sourceTree = "<group>";
		};
		DB2B6236078F3B1D3D8DC59D /* Pods */ = {
			isa = PBXGroup;
			children = (
				0D63D5F7542381EE9F033BA2 /* Pods-YouthGroup.debug.xcconfig */,
				26F45ACD833C73A2BE1472D7 /* Pods-YouthGroup.release.xcconfig */,
				5CB527D4208BB9E04A6FF5A1 /* Pods-YouthGroupTests.debug.xcconfig */,
				682F99E77D235D6B82FB4CEB /* Pods-YouthGroupTests.release.xcconfig */,
				239F05F7EE1A8D2EC07C500F /* Pods-YouthGroupUITests.debug.xcconfig */,
				711BA774A5BFC82C1A1F281D /* Pods-YouthGroupUITests.release.xcconfig */,
			);
			name = Pods;
			sourceTree = "<group>";
		};
		DB37B78D202BE854000DABE2 = {
			isa = PBXGroup;
			children = (
				DB37B798202BE855000DABE2 /* YouthGroup */,
				DB37B7B0202BE855000DABE2 /* YouthGroupTests */,
				DB37B7BB202BE855000DABE2 /* YouthGroupUITests */,
				DB37B797202BE855000DABE2 /* Products */,
				DB2B6236078F3B1D3D8DC59D /* Pods */,
				50C2F7E2F8155A66BE0013F3 /* Frameworks */,
			);
			sourceTree = "<group>";
		};
		DB37B797202BE855000DABE2 /* Products */ = {
			isa = PBXGroup;
			children = (
				DB37B796202BE855000DABE2 /* YouthGroup.app */,
				DB37B7AD202BE855000DABE2 /* YouthGroupTests.xctest */,
				DB37B7B8202BE855000DABE2 /* YouthGroupUITests.xctest */,
			);
			name = Products;
			sourceTree = "<group>";
		};
		DB37B798202BE855000DABE2 /* YouthGroup */ = {
			isa = PBXGroup;
			children = (
				DB37B799202BE855000DABE2 /* AppDelegate.swift */,
				DB4816B2203A3C5200C7FF38 /* Reachability.swift */,
				DBF417B42036062700F2A4F8 /* Helpers */,
				DBF417B32036060000F2A4F8 /* Clients */,
				DBF417B2203605D400F2A4F8 /* Cells */,
				DB6AF45B2033AF5B00738FF0 /* Colors.swift */,
				DBF417B72036066700F2A4F8 /* Model */,
				DB6AF456203390B900738FF0 /* View */,
				DB37B7DE202C8F67000DABE2 /* Controllers */,
				DB37B79D202BE855000DABE2 /* Main.storyboard */,
				DB37B7A3202BE855000DABE2 /* Assets.xcassets */,
				DB37B7A5202BE855000DABE2 /* LaunchScreen.storyboard */,
				DB37B7CA202BE88B000DABE2 /* GoogleService-Info.plist */,
				DB37B7A8202BE855000DABE2 /* Info.plist */,
				DB37B7A0202BE855000DABE2 /* YouthGroup.xcdatamodeld */,
				DBD03FD3202CA01200030C43 /* Localizable.strings */,
			);
			path = YouthGroup;
			sourceTree = "<group>";
		};
		DB37B7B0202BE855000DABE2 /* YouthGroupTests */ = {
			isa = PBXGroup;
			children = (
				DB37B7B1202BE855000DABE2 /* YouthGroupTests.swift */,
				DB37B7B3202BE855000DABE2 /* Info.plist */,
			);
			path = YouthGroupTests;
			sourceTree = "<group>";
		};
		DB37B7BB202BE855000DABE2 /* YouthGroupUITests */ = {
			isa = PBXGroup;
			children = (
				DB37B7BC202BE855000DABE2 /* YouthGroupUITests.swift */,
				DB37B7BE202BE855000DABE2 /* Info.plist */,
			);
			path = YouthGroupUITests;
			sourceTree = "<group>";
		};
		DB37B7DE202C8F67000DABE2 /* Controllers */ = {
			isa = PBXGroup;
			children = (
				DB37B7D4202C8CE0000DABE2 /* MainTabBarController.swift */,
				DB37B79B202BE855000DABE2 /* LoginViewController.swift */,
				DB37B7D6202C8F07000DABE2 /* LessonsViewController.swift */,
				DB37B7D8202C8F25000DABE2 /* EventsViewController.swift */,
				DB4816B8203BBC7B00C7FF38 /* EventViewController.swift */,
				DB4816BA203BD06D00C7FF38 /* CreateEventViewController.swift */,
				DB37B7DA202C8F3B000DABE2 /* PrayerRequestsViewController.swift */,
				DBCCEC8D2037DA0C0050AC46 /* AddPrayerRequestViewController.swift */,
				DB4816A82038CD4400C7FF38 /* PrayerRequestViewController.swift */,
				DB37B7DC202C8F59000DABE2 /* AccountDetailViewController.swift */,
				DB9C750D202C9C6300BA4B7D /* CreateAccountViewController.swift */,
				DB6AF45720339F8500738FF0 /* AddPhotoViewController.swift */,
				DBD03FDF202D40A000030C43 /* Linking.swift */,
				DB13136F20362B1D00051ED7 /* CreateGroupViewController.swift */,
				DB1313732036561000051ED7 /* JoinGroupViewController.swift */,
				DBCCEC892037CE4F0050AC46 /* MembersViewController.swift */,
			);
			path = Controllers;
			sourceTree = "<group>";
		};
		DB6AF456203390B900738FF0 /* View */ = {
			isa = PBXGroup;
			children = (
				DB4816AA2038D44100C7FF38 /* CircleImageView.swift */,
				DB6AF4592033ADEC00738FF0 /* Buttons.swift */,
				DB6AF454203390B200738FF0 /* BouncingView.swift */,
				DB4816AC2038D66F00C7FF38 /* BorderedTextView.swift */,
			);
			path = View;
			sourceTree = "<group>";
		};
		DBF417B2203605D400F2A4F8 /* Cells */ = {
			isa = PBXGroup;
			children = (
				DB6AF45D2033F89B00738FF0 /* ProfileCell.swift */,
				DB13136D2036271300051ED7 /* ButtonCell.swift */,
				DBCCEC7F20378DF80050AC46 /* EditMemberCell.swift */,
				DBCCEC832037A0EE0050AC46 /* JoinGroupCell.swift */,
				DBCCEC852037A9670050AC46 /* PrayerRequestCell.swift */,
				DBCCEC8B2037D0FD0050AC46 /* MemberCell.swift */,
				DB4816B4203BACF700C7FF38 /* EventCell.swift */,
			);
			path = Cells;
			sourceTree = "<group>";
		};
		DBF417B32036060000F2A4F8 /* Clients */ = {
			isa = PBXGroup;
			children = (
				DB37B7CC202BED2E000DABE2 /* FirebaseClient.swift */,
				DBD03FDB202CC82300030C43 /* FacebookClient.swift */,
				DB4816AE2039CA2400C7FF38 /* NetworkClient.swift */,
			);
			path = Clients;
			sourceTree = "<group>";
		};
		DBF417B42036062700F2A4F8 /* Helpers */ = {
			isa = PBXGroup;
			children = (
				DBD03FD5202CA1BC00030C43 /* Alert.swift */,
				DBD03FD7202CACB600030C43 /* Aiv.swift */,
				DBD03FDD202CE34A00030C43 /* KeyboardNotifications.swift */,
				DB1313712036348000051ED7 /* Errors.swift */,
				DBCCEC7B203772FE0050AC46 /* Constants.swift */,
				DBCCEC7D203788FD0050AC46 /* Helper.swift */,
			);
			path = Helpers;
			sourceTree = "<group>";
		};
		DBF417B72036066700F2A4F8 /* Model */ = {
			isa = PBXGroup;
			children = (
				DBF417B52036065100F2A4F8 /* Group.swift */,
				DBCCEC872037A9880050AC46 /* PrayerRequest.swift */,
				DB4816B02039CC5600C7FF38 /* BiblePassage.swift */,
				DB4816B6203BAE7D00C7FF38 /* Event.swift */,
			);
			path = Model;
			sourceTree = "<group>";
		};
/* End PBXGroup section */

/* Begin PBXNativeTarget section */
		DB37B795202BE854000DABE2 /* YouthGroup */ = {
			isa = PBXNativeTarget;
			buildConfigurationList = DB37B7C1202BE855000DABE2 /* Build configuration list for PBXNativeTarget "YouthGroup" */;
			buildPhases = (
				3DC64E22DD24039946D8B91B /* [CP] Check Pods Manifest.lock */,
				DB37B792202BE854000DABE2 /* Sources */,
				DB37B793202BE854000DABE2 /* Frameworks */,
				DB37B794202BE854000DABE2 /* Resources */,
				8B714B7CEE77915F23DAB6AA /* [CP] Embed Pods Frameworks */,
				6C9F6F22D1AC63F44995C2E0 /* [CP] Copy Pods Resources */,
			);
			buildRules = (
			);
			dependencies = (
			);
			name = YouthGroup;
			productName = YouthGroup;
			productReference = DB37B796202BE855000DABE2 /* YouthGroup.app */;
			productType = "com.apple.product-type.application";
		};
		DB37B7AC202BE855000DABE2 /* YouthGroupTests */ = {
			isa = PBXNativeTarget;
			buildConfigurationList = DB37B7C4202BE855000DABE2 /* Build configuration list for PBXNativeTarget "YouthGroupTests" */;
			buildPhases = (
				2C3EFBBB3430F0ECDAF1815D /* [CP] Check Pods Manifest.lock */,
				DB37B7A9202BE855000DABE2 /* Sources */,
				DB37B7AA202BE855000DABE2 /* Frameworks */,
				DB37B7AB202BE855000DABE2 /* Resources */,
				133B5658612C28E069120EDE /* [CP] Embed Pods Frameworks */,
				A74FAF1861226B6B2D1D61A1 /* [CP] Copy Pods Resources */,
			);
			buildRules = (
			);
			dependencies = (
				DB37B7AF202BE855000DABE2 /* PBXTargetDependency */,
			);
			name = YouthGroupTests;
			productName = YouthGroupTests;
			productReference = DB37B7AD202BE855000DABE2 /* YouthGroupTests.xctest */;
			productType = "com.apple.product-type.bundle.unit-test";
		};
		DB37B7B7202BE855000DABE2 /* YouthGroupUITests */ = {
			isa = PBXNativeTarget;
			buildConfigurationList = DB37B7C7202BE855000DABE2 /* Build configuration list for PBXNativeTarget "YouthGroupUITests" */;
			buildPhases = (
				E3D1D93631ABF04C6A4F6FD4 /* [CP] Check Pods Manifest.lock */,
				DB37B7B4202BE855000DABE2 /* Sources */,
				DB37B7B5202BE855000DABE2 /* Frameworks */,
				DB37B7B6202BE855000DABE2 /* Resources */,
				9DA2109710D8CEEF9C5FA712 /* [CP] Embed Pods Frameworks */,
				67C21593376A06C204FAC040 /* [CP] Copy Pods Resources */,
			);
			buildRules = (
			);
			dependencies = (
				DB37B7BA202BE855000DABE2 /* PBXTargetDependency */,
			);
			name = YouthGroupUITests;
			productName = YouthGroupUITests;
			productReference = DB37B7B8202BE855000DABE2 /* YouthGroupUITests.xctest */;
			productType = "com.apple.product-type.bundle.ui-testing";
		};
/* End PBXNativeTarget section */

/* Begin PBXProject section */
		DB37B78E202BE854000DABE2 /* Project object */ = {
			isa = PBXProject;
			attributes = {
				LastSwiftUpdateCheck = 0920;
				LastUpgradeCheck = 0920;
				ORGANIZATIONNAME = "Adam Zarn";
				TargetAttributes = {
					DB37B795202BE854000DABE2 = {
						CreatedOnToolsVersion = 9.2;
						ProvisioningStyle = Automatic;
					};
					DB37B7AC202BE855000DABE2 = {
						CreatedOnToolsVersion = 9.2;
						ProvisioningStyle = Automatic;
						TestTargetID = DB37B795202BE854000DABE2;
					};
					DB37B7B7202BE855000DABE2 = {
						CreatedOnToolsVersion = 9.2;
						ProvisioningStyle = Automatic;
						TestTargetID = DB37B795202BE854000DABE2;
					};
				};
			};
			buildConfigurationList = DB37B791202BE854000DABE2 /* Build configuration list for PBXProject "YouthGroup" */;
			compatibilityVersion = "Xcode 8.0";
			developmentRegion = en;
			hasScannedForEncodings = 0;
			knownRegions = (
				en,
				Base,
			);
			mainGroup = DB37B78D202BE854000DABE2;
			productRefGroup = DB37B797202BE855000DABE2 /* Products */;
			projectDirPath = "";
			projectRoot = "";
			targets = (
				DB37B795202BE854000DABE2 /* YouthGroup */,
				DB37B7AC202BE855000DABE2 /* YouthGroupTests */,
				DB37B7B7202BE855000DABE2 /* YouthGroupUITests */,
			);
		};
/* End PBXProject section */

/* Begin PBXResourcesBuildPhase section */
		DB37B794202BE854000DABE2 /* Resources */ = {
			isa = PBXResourcesBuildPhase;
			buildActionMask = 2147483647;
			files = (
				DB37B7A7202BE855000DABE2 /* LaunchScreen.storyboard in Resources */,
				DB37B7CB202BE88B000DABE2 /* GoogleService-Info.plist in Resources */,
				DB37B7A4202BE855000DABE2 /* Assets.xcassets in Resources */,
				DBD03FD4202CA01200030C43 /* Localizable.strings in Resources */,
				DB37B79F202BE855000DABE2 /* Main.storyboard in Resources */,
			);
			runOnlyForDeploymentPostprocessing = 0;
		};
		DB37B7AB202BE855000DABE2 /* Resources */ = {
			isa = PBXResourcesBuildPhase;
			buildActionMask = 2147483647;
			files = (
			);
			runOnlyForDeploymentPostprocessing = 0;
		};
		DB37B7B6202BE855000DABE2 /* Resources */ = {
			isa = PBXResourcesBuildPhase;
			buildActionMask = 2147483647;
			files = (
			);
			runOnlyForDeploymentPostprocessing = 0;
		};
/* End PBXResourcesBuildPhase section */

/* Begin PBXShellScriptBuildPhase section */
		133B5658612C28E069120EDE /* [CP] Embed Pods Frameworks */ = {
			isa = PBXShellScriptBuildPhase;
			buildActionMask = 2147483647;
			files = (
			);
			inputPaths = (
			);
			name = "[CP] Embed Pods Frameworks";
			outputPaths = (
			);
			runOnlyForDeploymentPostprocessing = 0;
			shellPath = /bin/sh;
			shellScript = "\"${SRCROOT}/Pods/Target Support Files/Pods-YouthGroupTests/Pods-YouthGroupTests-frameworks.sh\"\n";
			showEnvVarsInLog = 0;
		};
		2C3EFBBB3430F0ECDAF1815D /* [CP] Check Pods Manifest.lock */ = {
			isa = PBXShellScriptBuildPhase;
			buildActionMask = 2147483647;
			files = (
			);
			inputPaths = (
			);
			name = "[CP] Check Pods Manifest.lock";
			outputPaths = (
			);
			runOnlyForDeploymentPostprocessing = 0;
			shellPath = /bin/sh;
			shellScript = "diff \"${PODS_PODFILE_DIR_PATH}/Podfile.lock\" \"${PODS_ROOT}/Manifest.lock\" > /dev/null\nif [ $? != 0 ] ; then\n    # print error to STDERR\n    echo \"error: The sandbox is not in sync with the Podfile.lock. Run 'pod install' or update your CocoaPods installation.\" >&2\n    exit 1\nfi\n";
			showEnvVarsInLog = 0;
		};
		3DC64E22DD24039946D8B91B /* [CP] Check Pods Manifest.lock */ = {
			isa = PBXShellScriptBuildPhase;
			buildActionMask = 2147483647;
			files = (
			);
			inputPaths = (
			);
			name = "[CP] Check Pods Manifest.lock";
			outputPaths = (
			);
			runOnlyForDeploymentPostprocessing = 0;
			shellPath = /bin/sh;
			shellScript = "diff \"${PODS_PODFILE_DIR_PATH}/Podfile.lock\" \"${PODS_ROOT}/Manifest.lock\" > /dev/null\nif [ $? != 0 ] ; then\n    # print error to STDERR\n    echo \"error: The sandbox is not in sync with the Podfile.lock. Run 'pod install' or update your CocoaPods installation.\" >&2\n    exit 1\nfi\n";
			showEnvVarsInLog = 0;
		};
		67C21593376A06C204FAC040 /* [CP] Copy Pods Resources */ = {
			isa = PBXShellScriptBuildPhase;
			buildActionMask = 2147483647;
			files = (
			);
			inputPaths = (
			);
			name = "[CP] Copy Pods Resources";
			outputPaths = (
			);
			runOnlyForDeploymentPostprocessing = 0;
			shellPath = /bin/sh;
			shellScript = "\"${SRCROOT}/Pods/Target Support Files/Pods-YouthGroupUITests/Pods-YouthGroupUITests-resources.sh\"\n";
			showEnvVarsInLog = 0;
		};
		6C9F6F22D1AC63F44995C2E0 /* [CP] Copy Pods Resources */ = {
			isa = PBXShellScriptBuildPhase;
			buildActionMask = 2147483647;
			files = (
			);
			inputPaths = (
			);
			name = "[CP] Copy Pods Resources";
			outputPaths = (
			);
			runOnlyForDeploymentPostprocessing = 0;
			shellPath = /bin/sh;
			shellScript = "\"${SRCROOT}/Pods/Target Support Files/Pods-YouthGroup/Pods-YouthGroup-resources.sh\"\n";
			showEnvVarsInLog = 0;
		};
		8B714B7CEE77915F23DAB6AA /* [CP] Embed Pods Frameworks */ = {
			isa = PBXShellScriptBuildPhase;
			buildActionMask = 2147483647;
			files = (
			);
			inputPaths = (
			);
			name = "[CP] Embed Pods Frameworks";
			outputPaths = (
			);
			runOnlyForDeploymentPostprocessing = 0;
			shellPath = /bin/sh;
			shellScript = "\"${SRCROOT}/Pods/Target Support Files/Pods-YouthGroup/Pods-YouthGroup-frameworks.sh\"\n";
			showEnvVarsInLog = 0;
		};
		9DA2109710D8CEEF9C5FA712 /* [CP] Embed Pods Frameworks */ = {
			isa = PBXShellScriptBuildPhase;
			buildActionMask = 2147483647;
			files = (
			);
			inputPaths = (
			);
			name = "[CP] Embed Pods Frameworks";
			outputPaths = (
			);
			runOnlyForDeploymentPostprocessing = 0;
			shellPath = /bin/sh;
			shellScript = "\"${SRCROOT}/Pods/Target Support Files/Pods-YouthGroupUITests/Pods-YouthGroupUITests-frameworks.sh\"\n";
			showEnvVarsInLog = 0;
		};
		A74FAF1861226B6B2D1D61A1 /* [CP] Copy Pods Resources */ = {
			isa = PBXShellScriptBuildPhase;
			buildActionMask = 2147483647;
			files = (
			);
			inputPaths = (
			);
			name = "[CP] Copy Pods Resources";
			outputPaths = (
			);
			runOnlyForDeploymentPostprocessing = 0;
			shellPath = /bin/sh;
			shellScript = "\"${SRCROOT}/Pods/Target Support Files/Pods-YouthGroupTests/Pods-YouthGroupTests-resources.sh\"\n";
			showEnvVarsInLog = 0;
		};
		E3D1D93631ABF04C6A4F6FD4 /* [CP] Check Pods Manifest.lock */ = {
			isa = PBXShellScriptBuildPhase;
			buildActionMask = 2147483647;
			files = (
			);
			inputPaths = (
			);
			name = "[CP] Check Pods Manifest.lock";
			outputPaths = (
			);
			runOnlyForDeploymentPostprocessing = 0;
			shellPath = /bin/sh;
			shellScript = "diff \"${PODS_PODFILE_DIR_PATH}/Podfile.lock\" \"${PODS_ROOT}/Manifest.lock\" > /dev/null\nif [ $? != 0 ] ; then\n    # print error to STDERR\n    echo \"error: The sandbox is not in sync with the Podfile.lock. Run 'pod install' or update your CocoaPods installation.\" >&2\n    exit 1\nfi\n";
			showEnvVarsInLog = 0;
		};
/* End PBXShellScriptBuildPhase section */

/* Begin PBXSourcesBuildPhase section */
		DB37B792202BE854000DABE2 /* Sources */ = {
			isa = PBXSourcesBuildPhase;
			buildActionMask = 2147483647;
			files = (
				DBCCEC8A2037CE4F0050AC46 /* MembersViewController.swift in Sources */,
				DBF417B62036065100F2A4F8 /* Group.swift in Sources */,
				DB4816B9203BBC7B00C7FF38 /* EventViewController.swift in Sources */,
				DB6AF45820339F8500738FF0 /* AddPhotoViewController.swift in Sources */,
				DB9C750E202C9C6300BA4B7D /* CreateAccountViewController.swift in Sources */,
				DB37B7DD202C8F59000DABE2 /* AccountDetailViewController.swift in Sources */,
				DB4816A92038CD4400C7FF38 /* PrayerRequestViewController.swift in Sources */,
				DB4816BB203BD06D00C7FF38 /* CreateEventViewController.swift in Sources */,
				DB4816AD2038D66F00C7FF38 /* BorderedTextView.swift in Sources */,
				DB1313722036348000051ED7 /* Errors.swift in Sources */,
				DBCCEC7E203788FD0050AC46 /* Helper.swift in Sources */,
				DBCCEC842037A0EE0050AC46 /* JoinGroupCell.swift in Sources */,
				DBCCEC882037A9880050AC46 /* PrayerRequest.swift in Sources */,
				DB37B7D7202C8F07000DABE2 /* LessonsViewController.swift in Sources */,
				DB37B7A2202BE855000DABE2 /* YouthGroup.xcdatamodeld in Sources */,
				DBD03FDC202CC82300030C43 /* FacebookClient.swift in Sources */,
				DBD03FDE202CE34A00030C43 /* KeyboardNotifications.swift in Sources */,
				DBD03FD8202CACB600030C43 /* Aiv.swift in Sources */,
				DBCCEC8020378DF80050AC46 /* EditMemberCell.swift in Sources */,
				DBD03FE0202D40A000030C43 /* Linking.swift in Sources */,
				DB6AF45E2033F89B00738FF0 /* ProfileCell.swift in Sources */,
				DB4816AF2039CA2400C7FF38 /* NetworkClient.swift in Sources */,
				DB37B79C202BE855000DABE2 /* LoginViewController.swift in Sources */,
				DB1313742036561000051ED7 /* JoinGroupViewController.swift in Sources */,
				DB37B7D5202C8CE0000DABE2 /* MainTabBarController.swift in Sources */,
				DB6AF45A2033ADEC00738FF0 /* Buttons.swift in Sources */,
				DB4816B5203BACF700C7FF38 /* EventCell.swift in Sources */,
				DB6AF45C2033AF5B00738FF0 /* Colors.swift in Sources */,
				DBCCEC8C2037D0FD0050AC46 /* MemberCell.swift in Sources */,
				DB37B7D9202C8F25000DABE2 /* EventsViewController.swift in Sources */,
				DBCCEC7C203772FE0050AC46 /* Constants.swift in Sources */,
				DB37B79A202BE855000DABE2 /* AppDelegate.swift in Sources */,
				DB4816B12039CC5600C7FF38 /* BiblePassage.swift in Sources */,
				DBD03FD6202CA1BC00030C43 /* Alert.swift in Sources */,
				DB4816AB2038D44100C7FF38 /* CircleImageView.swift in Sources */,
				DBCCEC8E2037DA0C0050AC46 /* AddPrayerRequestViewController.swift in Sources */,
				DB6AF455203390B200738FF0 /* BouncingView.swift in Sources */,
				DB13136E2036271300051ED7 /* ButtonCell.swift in Sources */,
				DB37B7CD202BED2E000DABE2 /* FirebaseClient.swift in Sources */,
				DB37B7DB202C8F3B000DABE2 /* PrayerRequestsViewController.swift in Sources */,
				DBCCEC862037A9670050AC46 /* PrayerRequestCell.swift in Sources */,
				DB4816B3203A3C5200C7FF38 /* Reachability.swift in Sources */,
				DB4816B7203BAE7D00C7FF38 /* Event.swift in Sources */,
				DB13137020362B1D00051ED7 /* CreateGroupViewController.swift in Sources */,
			);
			runOnlyForDeploymentPostprocessing = 0;
		};
		DB37B7A9202BE855000DABE2 /* Sources */ = {
			isa = PBXSourcesBuildPhase;
			buildActionMask = 2147483647;
			files = (
				DB37B7B2202BE855000DABE2 /* YouthGroupTests.swift in Sources */,
			);
			runOnlyForDeploymentPostprocessing = 0;
		};
		DB37B7B4202BE855000DABE2 /* Sources */ = {
			isa = PBXSourcesBuildPhase;
			buildActionMask = 2147483647;
			files = (
				DB37B7BD202BE855000DABE2 /* YouthGroupUITests.swift in Sources */,
			);
			runOnlyForDeploymentPostprocessing = 0;
		};
/* End PBXSourcesBuildPhase section */

/* Begin PBXTargetDependency section */
		DB37B7AF202BE855000DABE2 /* PBXTargetDependency */ = {
			isa = PBXTargetDependency;
			target = DB37B795202BE854000DABE2 /* YouthGroup */;
			targetProxy = DB37B7AE202BE855000DABE2 /* PBXContainerItemProxy */;
		};
		DB37B7BA202BE855000DABE2 /* PBXTargetDependency */ = {
			isa = PBXTargetDependency;
			target = DB37B795202BE854000DABE2 /* YouthGroup */;
			targetProxy = DB37B7B9202BE855000DABE2 /* PBXContainerItemProxy */;
		};
/* End PBXTargetDependency section */

/* Begin PBXVariantGroup section */
		DB37B79D202BE855000DABE2 /* Main.storyboard */ = {
			isa = PBXVariantGroup;
			children = (
				DB37B79E202BE855000DABE2 /* Base */,
			);
			name = Main.storyboard;
			sourceTree = "<group>";
		};
		DB37B7A5202BE855000DABE2 /* LaunchScreen.storyboard */ = {
			isa = PBXVariantGroup;
			children = (
				DB37B7A6202BE855000DABE2 /* Base */,
			);
			name = LaunchScreen.storyboard;
			sourceTree = "<group>";
		};
/* End PBXVariantGroup section */

/* Begin XCBuildConfiguration section */
		DB37B7BF202BE855000DABE2 /* Debug */ = {
			isa = XCBuildConfiguration;
			buildSettings = {
				ALWAYS_SEARCH_USER_PATHS = NO;
				CLANG_ANALYZER_NONNULL = YES;
				CLANG_ANALYZER_NUMBER_OBJECT_CONVERSION = YES_AGGRESSIVE;
				CLANG_CXX_LANGUAGE_STANDARD = "gnu++14";
				CLANG_CXX_LIBRARY = "libc++";
				CLANG_ENABLE_MODULES = YES;
				CLANG_ENABLE_OBJC_ARC = YES;
				CLANG_WARN_BLOCK_CAPTURE_AUTORELEASING = YES;
				CLANG_WARN_BOOL_CONVERSION = YES;
				CLANG_WARN_COMMA = YES;
				CLANG_WARN_CONSTANT_CONVERSION = YES;
				CLANG_WARN_DIRECT_OBJC_ISA_USAGE = YES_ERROR;
				CLANG_WARN_DOCUMENTATION_COMMENTS = YES;
				CLANG_WARN_EMPTY_BODY = YES;
				CLANG_WARN_ENUM_CONVERSION = YES;
				CLANG_WARN_INFINITE_RECURSION = YES;
				CLANG_WARN_INT_CONVERSION = YES;
				CLANG_WARN_NON_LITERAL_NULL_CONVERSION = YES;
				CLANG_WARN_OBJC_LITERAL_CONVERSION = YES;
				CLANG_WARN_OBJC_ROOT_CLASS = YES_ERROR;
				CLANG_WARN_RANGE_LOOP_ANALYSIS = YES;
				CLANG_WARN_STRICT_PROTOTYPES = YES;
				CLANG_WARN_SUSPICIOUS_MOVE = YES;
				CLANG_WARN_UNGUARDED_AVAILABILITY = YES_AGGRESSIVE;
				CLANG_WARN_UNREACHABLE_CODE = YES;
				CLANG_WARN__DUPLICATE_METHOD_MATCH = YES;
				CODE_SIGN_IDENTITY = "iPhone Developer";
				COPY_PHASE_STRIP = NO;
				DEBUG_INFORMATION_FORMAT = dwarf;
				ENABLE_STRICT_OBJC_MSGSEND = YES;
				ENABLE_TESTABILITY = YES;
				GCC_C_LANGUAGE_STANDARD = gnu11;
				GCC_DYNAMIC_NO_PIC = NO;
				GCC_NO_COMMON_BLOCKS = YES;
				GCC_OPTIMIZATION_LEVEL = 0;
				GCC_PREPROCESSOR_DEFINITIONS = (
					"DEBUG=1",
					"$(inherited)",
				);
				GCC_WARN_64_TO_32_BIT_CONVERSION = YES;
				GCC_WARN_ABOUT_RETURN_TYPE = YES_ERROR;
				GCC_WARN_UNDECLARED_SELECTOR = YES;
				GCC_WARN_UNINITIALIZED_AUTOS = YES_AGGRESSIVE;
				GCC_WARN_UNUSED_FUNCTION = YES;
				GCC_WARN_UNUSED_VARIABLE = YES;
				IPHONEOS_DEPLOYMENT_TARGET = 11.2;
				MTL_ENABLE_DEBUG_INFO = YES;
				ONLY_ACTIVE_ARCH = YES;
				SDKROOT = iphoneos;
				SWIFT_ACTIVE_COMPILATION_CONDITIONS = DEBUG;
				SWIFT_OPTIMIZATION_LEVEL = "-Onone";
			};
			name = Debug;
		};
		DB37B7C0202BE855000DABE2 /* Release */ = {
			isa = XCBuildConfiguration;
			buildSettings = {
				ALWAYS_SEARCH_USER_PATHS = NO;
				CLANG_ANALYZER_NONNULL = YES;
				CLANG_ANALYZER_NUMBER_OBJECT_CONVERSION = YES_AGGRESSIVE;
				CLANG_CXX_LANGUAGE_STANDARD = "gnu++14";
				CLANG_CXX_LIBRARY = "libc++";
				CLANG_ENABLE_MODULES = YES;
				CLANG_ENABLE_OBJC_ARC = YES;
				CLANG_WARN_BLOCK_CAPTURE_AUTORELEASING = YES;
				CLANG_WARN_BOOL_CONVERSION = YES;
				CLANG_WARN_COMMA = YES;
				CLANG_WARN_CONSTANT_CONVERSION = YES;
				CLANG_WARN_DIRECT_OBJC_ISA_USAGE = YES_ERROR;
				CLANG_WARN_DOCUMENTATION_COMMENTS = YES;
				CLANG_WARN_EMPTY_BODY = YES;
				CLANG_WARN_ENUM_CONVERSION = YES;
				CLANG_WARN_INFINITE_RECURSION = YES;
				CLANG_WARN_INT_CONVERSION = YES;
				CLANG_WARN_NON_LITERAL_NULL_CONVERSION = YES;
				CLANG_WARN_OBJC_LITERAL_CONVERSION = YES;
				CLANG_WARN_OBJC_ROOT_CLASS = YES_ERROR;
				CLANG_WARN_RANGE_LOOP_ANALYSIS = YES;
				CLANG_WARN_STRICT_PROTOTYPES = YES;
				CLANG_WARN_SUSPICIOUS_MOVE = YES;
				CLANG_WARN_UNGUARDED_AVAILABILITY = YES_AGGRESSIVE;
				CLANG_WARN_UNREACHABLE_CODE = YES;
				CLANG_WARN__DUPLICATE_METHOD_MATCH = YES;
				CODE_SIGN_IDENTITY = "iPhone Developer";
				COPY_PHASE_STRIP = NO;
				DEBUG_INFORMATION_FORMAT = "dwarf-with-dsym";
				ENABLE_NS_ASSERTIONS = NO;
				ENABLE_STRICT_OBJC_MSGSEND = YES;
				GCC_C_LANGUAGE_STANDARD = gnu11;
				GCC_NO_COMMON_BLOCKS = YES;
				GCC_WARN_64_TO_32_BIT_CONVERSION = YES;
				GCC_WARN_ABOUT_RETURN_TYPE = YES_ERROR;
				GCC_WARN_UNDECLARED_SELECTOR = YES;
				GCC_WARN_UNINITIALIZED_AUTOS = YES_AGGRESSIVE;
				GCC_WARN_UNUSED_FUNCTION = YES;
				GCC_WARN_UNUSED_VARIABLE = YES;
				IPHONEOS_DEPLOYMENT_TARGET = 11.2;
				MTL_ENABLE_DEBUG_INFO = NO;
				SDKROOT = iphoneos;
				SWIFT_OPTIMIZATION_LEVEL = "-Owholemodule";
				VALIDATE_PRODUCT = YES;
			};
			name = Release;
		};
		DB37B7C2202BE855000DABE2 /* Debug */ = {
			isa = XCBuildConfiguration;
			baseConfigurationReference = 0D63D5F7542381EE9F033BA2 /* Pods-YouthGroup.debug.xcconfig */;
			buildSettings = {
				ASSETCATALOG_COMPILER_APPICON_NAME = AppIcon;
				CODE_SIGN_STYLE = Automatic;
				DEVELOPMENT_TEAM = QA67695N79;
				FRAMEWORK_SEARCH_PATHS = (
					"$(inherited)",
					"$(PROJECT_DIR)",
				);
				INFOPLIST_FILE = YouthGroup/Info.plist;
				LD_RUNPATH_SEARCH_PATHS = "$(inherited) @executable_path/Frameworks";
				PRODUCT_BUNDLE_IDENTIFIER = AJZ.YouthGroup;
				PRODUCT_NAME = "$(TARGET_NAME)";
				SWIFT_VERSION = 4.0;
				TARGETED_DEVICE_FAMILY = "1,2";
			};
			name = Debug;
		};
		DB37B7C3202BE855000DABE2 /* Release */ = {
			isa = XCBuildConfiguration;
			baseConfigurationReference = 26F45ACD833C73A2BE1472D7 /* Pods-YouthGroup.release.xcconfig */;
			buildSettings = {
				ASSETCATALOG_COMPILER_APPICON_NAME = AppIcon;
				CODE_SIGN_STYLE = Automatic;
				DEVELOPMENT_TEAM = QA67695N79;
				FRAMEWORK_SEARCH_PATHS = (
					"$(inherited)",
					"$(PROJECT_DIR)",
				);
				INFOPLIST_FILE = YouthGroup/Info.plist;
				LD_RUNPATH_SEARCH_PATHS = "$(inherited) @executable_path/Frameworks";
				PRODUCT_BUNDLE_IDENTIFIER = AJZ.YouthGroup;
				PRODUCT_NAME = "$(TARGET_NAME)";
				SWIFT_VERSION = 4.0;
				TARGETED_DEVICE_FAMILY = "1,2";
			};
			name = Release;
		};
		DB37B7C5202BE855000DABE2 /* Debug */ = {
			isa = XCBuildConfiguration;
			baseConfigurationReference = 5CB527D4208BB9E04A6FF5A1 /* Pods-YouthGroupTests.debug.xcconfig */;
			buildSettings = {
				ALWAYS_EMBED_SWIFT_STANDARD_LIBRARIES = YES;
				BUNDLE_LOADER = "$(TEST_HOST)";
				CODE_SIGN_STYLE = Automatic;
				DEVELOPMENT_TEAM = QA67695N79;
				INFOPLIST_FILE = YouthGroupTests/Info.plist;
				LD_RUNPATH_SEARCH_PATHS = "$(inherited) @executable_path/Frameworks @loader_path/Frameworks";
				PRODUCT_BUNDLE_IDENTIFIER = AJZ.YouthGroupTests;
				PRODUCT_NAME = "$(TARGET_NAME)";
				SWIFT_VERSION = 4.0;
				TARGETED_DEVICE_FAMILY = "1,2";
				TEST_HOST = "$(BUILT_PRODUCTS_DIR)/YouthGroup.app/YouthGroup";
			};
			name = Debug;
		};
		DB37B7C6202BE855000DABE2 /* Release */ = {
			isa = XCBuildConfiguration;
			baseConfigurationReference = 682F99E77D235D6B82FB4CEB /* Pods-YouthGroupTests.release.xcconfig */;
			buildSettings = {
				ALWAYS_EMBED_SWIFT_STANDARD_LIBRARIES = YES;
				BUNDLE_LOADER = "$(TEST_HOST)";
				CODE_SIGN_STYLE = Automatic;
				DEVELOPMENT_TEAM = QA67695N79;
				INFOPLIST_FILE = YouthGroupTests/Info.plist;
				LD_RUNPATH_SEARCH_PATHS = "$(inherited) @executable_path/Frameworks @loader_path/Frameworks";
				PRODUCT_BUNDLE_IDENTIFIER = AJZ.YouthGroupTests;
				PRODUCT_NAME = "$(TARGET_NAME)";
				SWIFT_VERSION = 4.0;
				TARGETED_DEVICE_FAMILY = "1,2";
				TEST_HOST = "$(BUILT_PRODUCTS_DIR)/YouthGroup.app/YouthGroup";
			};
			name = Release;
		};
		DB37B7C8202BE855000DABE2 /* Debug */ = {
			isa = XCBuildConfiguration;
			baseConfigurationReference = 239F05F7EE1A8D2EC07C500F /* Pods-YouthGroupUITests.debug.xcconfig */;
			buildSettings = {
				ALWAYS_EMBED_SWIFT_STANDARD_LIBRARIES = YES;
				CODE_SIGN_STYLE = Automatic;
				DEVELOPMENT_TEAM = QA67695N79;
				INFOPLIST_FILE = YouthGroupUITests/Info.plist;
				LD_RUNPATH_SEARCH_PATHS = "$(inherited) @executable_path/Frameworks @loader_path/Frameworks";
				PRODUCT_BUNDLE_IDENTIFIER = AJZ.YouthGroupUITests;
				PRODUCT_NAME = "$(TARGET_NAME)";
				SWIFT_VERSION = 4.0;
				TARGETED_DEVICE_FAMILY = "1,2";
				TEST_TARGET_NAME = YouthGroup;
			};
			name = Debug;
		};
		DB37B7C9202BE855000DABE2 /* Release */ = {
			isa = XCBuildConfiguration;
			baseConfigurationReference = 711BA774A5BFC82C1A1F281D /* Pods-YouthGroupUITests.release.xcconfig */;
			buildSettings = {
				ALWAYS_EMBED_SWIFT_STANDARD_LIBRARIES = YES;
				CODE_SIGN_STYLE = Automatic;
				DEVELOPMENT_TEAM = QA67695N79;
				INFOPLIST_FILE = YouthGroupUITests/Info.plist;
				LD_RUNPATH_SEARCH_PATHS = "$(inherited) @executable_path/Frameworks @loader_path/Frameworks";
				PRODUCT_BUNDLE_IDENTIFIER = AJZ.YouthGroupUITests;
				PRODUCT_NAME = "$(TARGET_NAME)";
				SWIFT_VERSION = 4.0;
				TARGETED_DEVICE_FAMILY = "1,2";
				TEST_TARGET_NAME = YouthGroup;
			};
			name = Release;
		};
/* End XCBuildConfiguration section */

/* Begin XCConfigurationList section */
		DB37B791202BE854000DABE2 /* Build configuration list for PBXProject "YouthGroup" */ = {
			isa = XCConfigurationList;
			buildConfigurations = (
				DB37B7BF202BE855000DABE2 /* Debug */,
				DB37B7C0202BE855000DABE2 /* Release */,
			);
			defaultConfigurationIsVisible = 0;
			defaultConfigurationName = Release;
		};
		DB37B7C1202BE855000DABE2 /* Build configuration list for PBXNativeTarget "YouthGroup" */ = {
			isa = XCConfigurationList;
			buildConfigurations = (
				DB37B7C2202BE855000DABE2 /* Debug */,
				DB37B7C3202BE855000DABE2 /* Release */,
			);
			defaultConfigurationIsVisible = 0;
			defaultConfigurationName = Release;
		};
		DB37B7C4202BE855000DABE2 /* Build configuration list for PBXNativeTarget "YouthGroupTests" */ = {
			isa = XCConfigurationList;
			buildConfigurations = (
				DB37B7C5202BE855000DABE2 /* Debug */,
				DB37B7C6202BE855000DABE2 /* Release */,
			);
			defaultConfigurationIsVisible = 0;
			defaultConfigurationName = Release;
		};
		DB37B7C7202BE855000DABE2 /* Build configuration list for PBXNativeTarget "YouthGroupUITests" */ = {
			isa = XCConfigurationList;
			buildConfigurations = (
				DB37B7C8202BE855000DABE2 /* Debug */,
				DB37B7C9202BE855000DABE2 /* Release */,
			);
			defaultConfigurationIsVisible = 0;
			defaultConfigurationName = Release;
		};
/* End XCConfigurationList section */

/* Begin XCVersionGroup section */
		DB37B7A0202BE855000DABE2 /* YouthGroup.xcdatamodeld */ = {
			isa = XCVersionGroup;
			children = (
				DB37B7A1202BE855000DABE2 /* YouthGroup.xcdatamodel */,
			);
			currentVersion = DB37B7A1202BE855000DABE2 /* YouthGroup.xcdatamodel */;
			path = YouthGroup.xcdatamodeld;
			sourceTree = "<group>";
			versionGroupType = wrapper.xcdatamodel;
		};
/* End XCVersionGroup section */
	};
	rootObject = DB37B78E202BE854000DABE2 /* Project object */;
}
